
Microsoft Visual Studio Solution File, Format Version 12.00
# Visual Studio Version 17
VisualStudioVersion = 17.8.34525.116
MinimumVisualStudioVersion = 10.0.40219.1
Project("{FAE04EC0-301F-11D3-BF4B-00C04F79EFBC}") = "FinalProject", "FinalProject.csproj", "{655CF454-C2C8-4EA4-A509-E59C11BB97E6}"
EndProject
Project("{FAE04EC0-301F-11D3-BF4B-00C04F79EFBC}") = "Library", "..\Library\Library.csproj", "{B2E7572F-6531-4900-B268-77C0B38EC66A}"
EndProject
Global
	GlobalSection(SolutionConfigurationPlatforms) = preSolution
		Debug|Any CPU = Debug|Any CPU
		Release|Any CPU = Release|Any CPU
	EndGlobalSection
	GlobalSection(ProjectConfigurationPlatforms) = postSolution
		{655CF454-C2C8-4EA4-A509-E59C11BB97E6}.Debug|Any CPU.ActiveCfg = Debug|Any CPU
		{655CF454-C2C8-4EA4-A509-E59C11BB97E6}.Debug|Any CPU.Build.0 = Debug|Any CPU
		{655CF454-C2C8-4EA4-A509-E59C11BB97E6}.Release|Any CPU.ActiveCfg = Release|Any CPU
		{655CF454-C2C8-4EA4-A509-E59C11BB97E6}.Release|Any CPU.Build.0 = Release|Any CPU
		{B2E7572F-6531-4900-B268-77C0B38EC66A}.Debug|Any CPU.ActiveCfg = Debug|Any CPU
		{B2E7572F-6531-4900-B268-77C0B38EC66A}.Debug|Any CPU.Build.0 = Debug|Any CPU
		{B2E7572F-6531-4900-B268-77C0B38EC66A}.Release|Any CPU.ActiveCfg = Release|Any CPU
		{B2E7572F-6531-4900-B268-77C0B38EC66A}.Release|Any CPU.Build.0 = Release|Any CPU
	EndGlobalSection
	GlobalSection(SolutionProperties) = preSolution
		HideSolutionNode = FALSE
	EndGlobalSection
	GlobalSection(ExtensibilityGlobals) = postSolution
		SolutionGuid = {88BCB7E5-30F3-413F-B253-AC2BF75E520D}
	EndGlobalSection
EndGlobal
